// !$*UTF8*$!
{
	archiveVersion = 1;
	classes = {
	};
	objectVersion = 56;
	objects = {

/* Begin PBXBuildFile section */
		CC0D15682A0AFEDC0069B17D /* ProductoCell.swift in Sources */ = {isa = PBXBuildFile; fileRef = CC0D15662A0AFEDC0069B17D /* ProductoCell.swift */; };
		CC0D15692A0AFEDC0069B17D /* ProductoCell.xib in Resources */ = {isa = PBXBuildFile; fileRef = CC0D15672A0AFEDC0069B17D /* ProductoCell.xib */; };
		CCDD67802A09A13D00901128 /* AppDelegate.swift in Sources */ = {isa = PBXBuildFile; fileRef = CCDD677F2A09A13D00901128 /* AppDelegate.swift */; };
		CCDD67822A09A13D00901128 /* SceneDelegate.swift in Sources */ = {isa = PBXBuildFile; fileRef = CCDD67812A09A13D00901128 /* SceneDelegate.swift */; };
		CCDD67842A09A13D00901128 /* ViewController.swift in Sources */ = {isa = PBXBuildFile; fileRef = CCDD67832A09A13D00901128 /* ViewController.swift */; };
		CCDD67872A09A13D00901128 /* Main.storyboard in Resources */ = {isa = PBXBuildFile; fileRef = CCDD67852A09A13D00901128 /* Main.storyboard */; };
		CCDD67892A09A13F00901128 /* Assets.xcassets in Resources */ = {isa = PBXBuildFile; fileRef = CCDD67882A09A13F00901128 /* Assets.xcassets */; };
		CCDD678C2A09A13F00901128 /* LaunchScreen.storyboard in Resources */ = {isa = PBXBuildFile; fileRef = CCDD678A2A09A13F00901128 /* LaunchScreen.storyboard */; };
		CCDD67942A09A3F300901128 /* ProductosManager.swift in Sources */ = {isa = PBXBuildFile; fileRef = CCDD67932A09A3F300901128 /* ProductosManager.swift */; };
		CCDD67962A09A4F600901128 /* ProductoModel.swift in Sources */ = {isa = PBXBuildFile; fileRef = CCDD67952A09A4F600901128 /* ProductoModel.swift */; };
/* End PBXBuildFile section */

/* Begin PBXFileReference section */
		CC0D15662A0AFEDC0069B17D /* ProductoCell.swift */ = {isa = PBXFileReference; lastKnownFileType = sourcecode.swift; path = ProductoCell.swift; sourceTree = "<group>"; };
		CC0D15672A0AFEDC0069B17D /* ProductoCell.xib */ = {isa = PBXFileReference; lastKnownFileType = file.xib; path = ProductoCell.xib; sourceTree = "<group>"; };
		CCDD677C2A09A13D00901128 /* app-list-products.app */ = {isa = PBXFileReference; explicitFileType = wrapper.application; includeInIndex = 0; path = "app-list-products.app"; sourceTree = BUILT_PRODUCTS_DIR; };
		CCDD677F2A09A13D00901128 /* AppDelegate.swift */ = {isa = PBXFileReference; lastKnownFileType = sourcecode.swift; path = AppDelegate.swift; sourceTree = "<group>"; };
		CCDD67812A09A13D00901128 /* SceneDelegate.swift */ = {isa = PBXFileReference; lastKnownFileType = sourcecode.swift; path = SceneDelegate.swift; sourceTree = "<group>"; };
		CCDD67832A09A13D00901128 /* ViewController.swift */ = {isa = PBXFileReference; lastKnownFileType = sourcecode.swift; path = ViewController.swift; sourceTree = "<group>"; };
		CCDD67862A09A13D00901128 /* Base */ = {isa = PBXFileReference; lastKnownFileType = file.storyboard; name = Base; path = Base.lproj/Main.storyboard; sourceTree = "<group>"; };
		CCDD67882A09A13F00901128 /* Assets.xcassets */ = {isa = PBXFileReference; lastKnownFileType = folder.assetcatalog; path = Assets.xcassets; sourceTree = "<group>"; };
		CCDD678B2A09A13F00901128 /* Base */ = {isa = PBXFileReference; lastKnownFileType = file.storyboard; name = Base; path = Base.lproj/LaunchScreen.storyboard; sourceTree = "<group>"; };
		CCDD678D2A09A13F00901128 /* Info.plist */ = {isa = PBXFileReference; lastKnownFileType = text.plist.xml; path = Info.plist; sourceTree = "<group>"; };
		CCDD67932A09A3F300901128 /* ProductosManager.swift */ = {isa = PBXFileReference; lastKnownFileType = sourcecode.swift; path = ProductosManager.swift; sourceTree = "<group>"; };
		CCDD67952A09A4F600901128 /* ProductoModel.swift */ = {isa = PBXFileReference; lastKnownFileType = sourcecode.swift; path = ProductoModel.swift; sourceTree = "<group>"; };
/* End PBXFileReference section */

/* Begin PBXFrameworksBuildPhase section */
		CCDD67792A09A13D00901128 /* Frameworks */ = {
			isa = PBXFrameworksBuildPhase;
			buildActionMask = 2147483647;
			files = (
			);
			runOnlyForDeploymentPostprocessing = 0;
		};
/* End PBXFrameworksBuildPhase section */

/* Begin PBXGroup section */
		CCDD67732A09A13D00901128 = {
			isa = PBXGroup;
			children = (
				CCDD677E2A09A13D00901128 /* app-list-products */,
				CCDD677D2A09A13D00901128 /* Products */,
			);
			sourceTree = "<group>";
		};
		CCDD677D2A09A13D00901128 /* Products */ = {
			isa = PBXGroup;
			children = (
				CCDD677C2A09A13D00901128 /* app-list-products.app */,
			);
			name = Products;
			sourceTree = "<group>";
		};
		CCDD677E2A09A13D00901128 /* app-list-products */ = {
			isa = PBXGroup;
			children = (
				CCDD677F2A09A13D00901128 /* AppDelegate.swift */,
				CCDD67812A09A13D00901128 /* SceneDelegate.swift */,
				CCDD67832A09A13D00901128 /* ViewController.swift */,
				CCDD67852A09A13D00901128 /* Main.storyboard */,
				CCDD67882A09A13F00901128 /* Assets.xcassets */,
				CCDD678A2A09A13F00901128 /* LaunchScreen.storyboard */,
				CCDD678D2A09A13F00901128 /* Info.plist */,
				CCDD67932A09A3F300901128 /* ProductosManager.swift */,
				CCDD67952A09A4F600901128 /* ProductoModel.swift */,
				CC0D15662A0AFEDC0069B17D /* ProductoCell.swift */,
				CC0D15672A0AFEDC0069B17D /* ProductoCell.xib */,
			);
			path = "app-list-products";
			sourceTree = "<group>";
		};
/* End PBXGroup section */

/* Begin PBXNativeTarget section */
		CCDD677B2A09A13D00901128 /* app-list-products */ = {
			isa = PBXNativeTarget;
			buildConfigurationList = CCDD67902A09A13F00901128 /* Build configuration list for PBXNativeTarget "app-list-products" */;
			buildPhases = (
				CCDD67782A09A13D00901128 /* Sources */,
				CCDD67792A09A13D00901128 /* Frameworks */,
				CCDD677A2A09A13D00901128 /* Resources */,
			);
			buildRules = (
			);
			dependencies = (
			);
			name = "app-list-products";
			productName = "app-list-products";
			productReference = CCDD677C2A09A13D00901128 /* app-list-products.app */;
			productType = "com.apple.product-type.application";
		};
/* End PBXNativeTarget section */

/* Begin PBXProject section */
		CCDD67742A09A13D00901128 /* Project object */ = {
			isa = PBXProject;
			attributes = {
				BuildIndependentTargetsInParallel = 1;
				LastSwiftUpdateCheck = 1430;
				LastUpgradeCheck = 1430;
				TargetAttributes = {
					CCDD677B2A09A13D00901128 = {
						CreatedOnToolsVersion = 14.3;
					};
				};
			};
			buildConfigurationList = CCDD67772A09A13D00901128 /* Build configuration list for PBXProject "app-list-products" */;
			compatibilityVersion = "Xcode 14.0";
			developmentRegion = en;
			hasScannedForEncodings = 0;
			knownRegions = (
				en,
				Base,
			);
			mainGroup = CCDD67732A09A13D00901128;
			productRefGroup = CCDD677D2A09A13D00901128 /* Products */;
			projectDirPath = "";
			projectRoot = "";
			targets = (
				CCDD677B2A09A13D00901128 /* app-list-products */,
			);
		};
/* End PBXProject section */

/* Begin PBXResourcesBuildPhase section */
		CCDD677A2A09A13D00901128 /* Resources */ = {
			isa = PBXResourcesBuildPhase;
			buildActionMask = 2147483647;
			files = (
				CCDD678C2A09A13F00901128 /* LaunchScreen.storyboard in Resources */,
				CC0D15692A0AFEDC0069B17D /* ProductoCell.xib in Resources */,
				CCDD67892A09A13F00901128 /* Assets.xcassets in Resources */,
				CCDD67872A09A13D00901128 /* Main.storyboard in Resources */,
			);
			runOnlyForDeploymentPostprocessing = 0;
		};
/* End PBXResourcesBuildPhase section */

/* Begin PBXSourcesBuildPhase section */
		CCDD67782A09A13D00901128 /* Sources */ = {
			isa = PBXSourcesBuildPhase;
			buildActionMask = 2147483647;
			files = (
				CCDD67842A09A13D00901128 /* ViewController.swift in Sources */,
				CC0D15682A0AFEDC0069B17D /* ProductoCell.swift in Sources */,
				CCDD67802A09A13D00901128 /* AppDelegate.swift in Sources */,
				CCDD67822A09A13D00901128 /* SceneDelegate.swift in Sources */,
				CCDD67962A09A4F600901128 /* ProductoModel.swift in Sources */,
				CCDD67942A09A3F300901128 /* ProductosManager.swift in Sources */,
			);
			runOnlyForDeploymentPostprocessing = 0;
		};
/* End PBXSourcesBuildPhase section */

/* Begin PBXVariantGroup section */
		CCDD67852A09A13D00901128 /* Main.storyboard */ = {
			isa = PBXVariantGroup;
			children = (
				CCDD67862A09A13D00901128 /* Base */,
			);
			name = Main.storyboard;
			sourceTree = "<group>";
		};
		CCDD678A2A09A13F00901128 /* LaunchScreen.storyboard */ = {
			isa = PBXVariantGroup;
			children = (
				CCDD678B2A09A13F00901128 /* Base */,
			);
			name = LaunchScreen.storyboard;
			sourceTree = "<group>";
		};
/* End PBXVariantGroup section */

/* Begin XCBuildConfiguration section */
		CCDD678E2A09A13F00901128 /* Debug */ = {
			isa = XCBuildConfiguration;
			buildSettings = {
				ALWAYS_SEARCH_USER_PATHS = NO;
				CLANG_ANALYZER_NONNULL = YES;
				CLANG_ANALYZER_NUMBER_OBJECT_CONVERSION = YES_AGGRESSIVE;
				CLANG_CXX_LANGUAGE_STANDARD = "gnu++20";
				CLANG_ENABLE_MODULES = YES;
				CLANG_ENABLE_OBJC_ARC = YES;
				CLANG_ENABLE_OBJC_WEAK = YES;
				CLANG_WARN_BLOCK_CAPTURE_AUTORELEASING = YES;
				CLANG_WARN_BOOL_CONVERSION = YES;
				CLANG_WARN_COMMA = YES;
				CLANG_WARN_CONSTANT_CONVERSION = YES;
				CLANG_WARN_DEPRECATED_OBJC_IMPLEMENTATIONS = YES;
				CLANG_WARN_DIRECT_OBJC_ISA_USAGE = YES_ERROR;
				CLANG_WARN_DOCUMENTATION_COMMENTS = YES;
				CLANG_WARN_EMPTY_BODY = YES;
				CLANG_WARN_ENUM_CONVERSION = YES;
				CLANG_WARN_INFINITE_RECURSION = YES;
				CLANG_WARN_INT_CONVERSION = YES;
				CLANG_WARN_NON_LITERAL_NULL_CONVERSION = YES;
				CLANG_WARN_OBJC_IMPLICIT_RETAIN_SELF = YES;
				CLANG_WARN_OBJC_LITERAL_CONVERSION = YES;
				CLANG_WARN_OBJC_ROOT_CLASS = YES_ERROR;
				CLANG_WARN_QUOTED_INCLUDE_IN_FRAMEWORK_HEADER = YES;
				CLANG_WARN_RANGE_LOOP_ANALYSIS = YES;
				CLANG_WARN_STRICT_PROTOTYPES = YES;
				CLANG_WARN_SUSPICIOUS_MOVE = YES;
				CLANG_WARN_UNGUARDED_AVAILABILITY = YES_AGGRESSIVE;
				CLANG_WARN_UNREACHABLE_CODE = YES;
				CLANG_WARN__DUPLICATE_METHOD_MATCH = YES;
				COPY_PHASE_STRIP = NO;
				DEBUG_INFORMATION_FORMAT = dwarf;
				ENABLE_STRICT_OBJC_MSGSEND = YES;
				ENABLE_TESTABILITY = YES;
				GCC_C_LANGUAGE_STANDARD = gnu11;
				GCC_DYNAMIC_NO_PIC = NO;
				GCC_NO_COMMON_BLOCKS = YES;
				GCC_OPTIMIZATION_LEVEL = 0;
				GCC_PREPROCESSOR_DEFINITIONS = (
					"DEBUG=1",
					"$(inherited)",
				);
				GCC_WARN_64_TO_32_BIT_CONVERSION = YES;
				GCC_WARN_ABOUT_RETURN_TYPE = YES_ERROR;
				GCC_WARN_UNDECLARED_SELECTOR = YES;
				GCC_WARN_UNINITIALIZED_AUTOS = YES_AGGRESSIVE;
				GCC_WARN_UNUSED_FUNCTION = YES;
				GCC_WARN_UNUSED_VARIABLE = YES;
				IPHONEOS_DEPLOYMENT_TARGET = 16.4;
				MTL_ENABLE_DEBUG_INFO = INCLUDE_SOURCE;
				MTL_FAST_MATH = YES;
				ONLY_ACTIVE_ARCH = YES;
				SDKROOT = iphoneos;
				SWIFT_ACTIVE_COMPILATION_CONDITIONS = DEBUG;
				SWIFT_OPTIMIZATION_LEVEL = "-Onone";
			};
			name = Debug;
		};
		CCDD678F2A09A13F00901128 /* Release */ = {
			isa = XCBuildConfiguration;
			buildSettings = {
				ALWAYS_SEARCH_USER_PATHS = NO;
				CLANG_ANALYZER_NONNULL = YES;
				CLANG_ANALYZER_NUMBER_OBJECT_CONVERSION = YES_AGGRESSIVE;
				CLANG_CXX_LANGUAGE_STANDARD = "gnu++20";
				CLANG_ENABLE_MODULES = YES;
				CLANG_ENABLE_OBJC_ARC = YES;
				CLANG_ENABLE_OBJC_WEAK = YES;
				CLANG_WARN_BLOCK_CAPTURE_AUTORELEASING = YES;
				CLANG_WARN_BOOL_CONVERSION = YES;
				CLANG_WARN_COMMA = YES;
				CLANG_WARN_CONSTANT_CONVERSION = YES;
				CLANG_WARN_DEPRECATED_OBJC_IMPLEMENTATIONS = YES;
				CLANG_WARN_DIRECT_OBJC_ISA_USAGE = YES_ERROR;
				CLANG_WARN_DOCUMENTATION_COMMENTS = YES;
				CLANG_WARN_EMPTY_BODY = YES;
				CLANG_WARN_ENUM_CONVERSION = YES;
				CLANG_WARN_INFINITE_RECURSION = YES;
				CLANG_WARN_INT_CONVERSION = YES;
				CLANG_WARN_NON_LITERAL_NULL_CONVERSION = YES;
				CLANG_WARN_OBJC_IMPLICIT_RETAIN_SELF = YES;
				CLANG_WARN_OBJC_LITERAL_CONVERSION = YES;
				CLANG_WARN_OBJC_ROOT_CLASS = YES_ERROR;
				CLANG_WARN_QUOTED_INCLUDE_IN_FRAMEWORK_HEADER = YES;
				CLANG_WARN_RANGE_LOOP_ANALYSIS = YES;
				CLANG_WARN_STRICT_PROTOTYPES = YES;
				CLANG_WARN_SUSPICIOUS_MOVE = YES;
				CLANG_WARN_UNGUARDED_AVAILABILITY = YES_AGGRESSIVE;
				CLANG_WARN_UNREACHABLE_CODE = YES;
				CLANG_WARN__DUPLICATE_METHOD_MATCH = YES;
				COPY_PHASE_STRIP = NO;
				DEBUG_INFORMATION_FORMAT = "dwarf-with-dsym";
				ENABLE_NS_ASSERTIONS = NO;
				ENABLE_STRICT_OBJC_MSGSEND = YES;
				GCC_C_LANGUAGE_STANDARD = gnu11;
				GCC_NO_COMMON_BLOCKS = YES;
				GCC_WARN_64_TO_32_BIT_CONVERSION = YES;
				GCC_WARN_ABOUT_RETURN_TYPE = YES_ERROR;
				GCC_WARN_UNDECLARED_SELECTOR = YES;
				GCC_WARN_UNINITIALIZED_AUTOS = YES_AGGRESSIVE;
				GCC_WARN_UNUSED_FUNCTION = YES;
				GCC_WARN_UNUSED_VARIABLE = YES;
				IPHONEOS_DEPLOYMENT_TARGET = 16.4;
				MTL_ENABLE_DEBUG_INFO = NO;
				MTL_FAST_MATH = YES;
				SDKROOT = iphoneos;
				SWIFT_COMPILATION_MODE = wholemodule;
				SWIFT_OPTIMIZATION_LEVEL = "-O";
				VALIDATE_PRODUCT = YES;
			};
			name = Release;
		};
		CCDD67912A09A13F00901128 /* Debug */ = {
			isa = XCBuildConfiguration;
			buildSettings = {
				ASSETCATALOG_COMPILER_APPICON_NAME = AppIcon;
				ASSETCATALOG_COMPILER_GLOBAL_ACCENT_COLOR_NAME = AccentColor;
				CODE_SIGN_STYLE = Automatic;
				CURRENT_PROJECT_VERSION = 1;
				GENERATE_INFOPLIST_FILE = YES;
				INFOPLIST_FILE = "app-list-products/Info.plist";
				INFOPLIST_KEY_UIApplicationSupportsIndirectInputEvents = YES;
				INFOPLIST_KEY_UILaunchStoryboardName = LaunchScreen;
				INFOPLIST_KEY_UIMainStoryboardFile = Main;
				INFOPLIST_KEY_UISupportedInterfaceOrientations_iPad = "UIInterfaceOrientationPortrait UIInterfaceOrientationPortraitUpsideDown UIInterfaceOrientationLandscapeLeft UIInterfaceOrientationLandscapeRight";
				INFOPLIST_KEY_UISupportedInterfaceOrientations_iPhone = "UIInterfaceOrientationPortrait UIInterfaceOrientationLandscapeLeft UIInterfaceOrientationLandscapeRight";
				LD_RUNPATH_SEARCH_PATHS = (
					"$(inherited)",
					"@executable_path/Frameworks",
				);
				MARKETING_VERSION = 1.0;
				PRODUCT_BUNDLE_IDENTIFIER = "SB.app-list-products";
				PRODUCT_NAME = "$(TARGET_NAME)";
				SWIFT_EMIT_LOC_STRINGS = YES;
				SWIFT_VERSION = 5.0;
				TARGETED_DEVICE_FAMILY = "1,2";
			};
			name = Debug;
		};
		CCDD67922A09A13F00901128 /* Release */ = {
			isa = XCBuildConfiguration;
			buildSettings = {
				ASSETCATALOG_COMPILER_APPICON_NAME = AppIcon;
				ASSETCATALOG_COMPILER_GLOBAL_ACCENT_COLOR_NAME = AccentColor;
				CODE_SIGN_STYLE = Automatic;
				CURRENT_PROJECT_VERSION = 1;
				GENERATE_INFOPLIST_FILE = YES;
				INFOPLIST_FILE = "app-list-products/Info.plist";
				INFOPLIST_KEY_UIApplicationSupportsIndirectInputEvents = YES;
				INFOPLIST_KEY_UILaunchStoryboardName = LaunchScreen;
				INFOPLIST_KEY_UIMainStoryboardFile = Main;
				INFOPLIST_KEY_UISupportedInterfaceOrientations_iPad = "UIInterfaceOrientationPortrait UIInterfaceOrientationPortraitUpsideDown UIInterfaceOrientationLandscapeLeft UIInterfaceOrientationLandscapeRight";
				INFOPLIST_KEY_UISupportedInterfaceOrientations_iPhone = "UIInterfaceOrientationPortrait UIInterfaceOrientationLandscapeLeft UIInterfaceOrientationLandscapeRight";
				LD_RUNPATH_SEARCH_PATHS = (
					"$(inherited)",
					"@executable_path/Frameworks",
				);
				MARKETING_VERSION = 1.0;
				PRODUCT_BUNDLE_IDENTIFIER = "SB.app-list-products";
				PRODUCT_NAME = "$(TARGET_NAME)";
				SWIFT_EMIT_LOC_STRINGS = YES;
				SWIFT_VERSION = 5.0;
				TARGETED_DEVICE_FAMILY = "1,2";
			};
			name = Release;
		};
/* End XCBuildConfiguration section */

/* Begin XCConfigurationList section */
		CCDD67772A09A13D00901128 /* Build configuration list for PBXProject "app-list-products" */ = {
			isa = XCConfigurationList;
			buildConfigurations = (
				CCDD678E2A09A13F00901128 /* Debug */,
				CCDD678F2A09A13F00901128 /* Release */,
			);
			defaultConfigurationIsVisible = 0;
			defaultConfigurationName = Release;
		};
		CCDD67902A09A13F00901128 /* Build configuration list for PBXNativeTarget "app-list-products" */ = {
			isa = XCConfigurationList;
			buildConfigurations = (
				CCDD67912A09A13F00901128 /* Debug */,
				CCDD67922A09A13F00901128 /* Release */,
			);
			defaultConfigurationIsVisible = 0;
			defaultConfigurationName = Release;
		};
/* End XCConfigurationList section */
	};
	rootObject = CCDD67742A09A13D00901128 /* Project object */;
}
